{
  "nodes": {
    "dracula": {
      "flake": false,
      "locked": {
        "lastModified": 1626292046,
        "narHash": "sha256-Mr1CJrPWhP9gq3FvKVutXJiVhXLhtnrk1ptXFfSVX1A=",
        "owner": "dracula",
        "repo": "gtk",
        "rev": "3d616f51a1df406734023e0a26542f70a22ce0d1",
        "type": "github"
      },
      "original": {
        "owner": "dracula",
        "repo": "gtk",
        "type": "github"
      }
    },
    "emacs-overlay": {
      "locked": {
        "lastModified": 1623925547,
        "narHash": "sha256-W+jqAty2mDIkZl7x5VmPr0Mp0+l7+Y+7kpGOeb7ZS+4=",
        "owner": "nix-community",
        "repo": "emacs-overlay",
        "rev": "6db07391fbb56f502788925ff05df4bb9217f039",
        "type": "github"
      },
      "original": {
        "owner": "nix-community",
        "repo": "emacs-overlay",
        "type": "github"
      }
    },
    "home-manager": {
      "inputs": {
        "nixpkgs": [
          "nixpkgs"
        ]
      },
      "locked": {
        "lastModified": 1623343236,
        "narHash": "sha256-Cl/0/WW3AWjkO7gphw9FqUr4P7T98KKyFCX3Vxv22Sk=",
        "owner": "nix-community",
        "repo": "home-manager",
        "rev": "666eee4f72979b0ebbd2e065a3846d7a8a16895c",
        "type": "github"
      },
      "original": {
        "owner": "nix-community",
        "repo": "home-manager",
        "type": "github"
      }
    },
    "nixpkgs": {
      "locked": {
        "lastModified": 1623515171,
        "narHash": "sha256-kDwXHikopkWgSd+W1DX+MCdmkMA2chs3/Zjqvi5G3Uw=",
        "owner": "NixOS",
        "repo": "nixpkgs",
        "rev": "81b3481d79a599d90138768a964b7d70d8996f97",
        "type": "github"
      },
      "original": {
        "id": "nixpkgs",
        "ref": "nixos-21.05",
        "type": "indirect"
      }
    },
    "nixpkgs-unstable": {
      "locked": {
        "lastModified": 1623324058,
        "narHash": "sha256-Jm9GUTXdjXz56gWDKy++EpFfjrBaxqXlLvTLfgEi8lo=",
        "owner": "NixOS",
        "repo": "nixpkgs",
        "rev": "432fc2d9a67f92e05438dff5fdc2b39d33f77997",
        "type": "github"
      },
      "original": {
        "id": "nixpkgs",
        "ref": "nixos-unstable",
        "type": "indirect"
      }
    },
    "root": {
      "inputs": {
        "dracula": "dracula",
        "emacs-overlay": "emacs-overlay",
        "home-manager": "home-manager",
        "nixpkgs": "nixpkgs",
        "nixpkgs-unstable": "nixpkgs-unstable"
      }
    }
  },
  "root": "root",
  "version": 7
}
