{
  "nodes": {
    "home-manager": {
      "inputs": {
        "nixpkgs": [
          "nixpkgs"
        ]
      },
      "locked": {
        "lastModified": 1623343236,
        "narHash": "sha256-Cl/0/WW3AWjkO7gphw9FqUr4P7T98KKyFCX3Vxv22Sk=",
        "owner": "nix-community",
        "repo": "home-manager",
        "rev": "666eee4f72979b0ebbd2e065a3846d7a8a16895c",
        "type": "github"
      },
      "original": {
        "owner": "nix-community",
        "repo": "home-manager",
        "type": "github"
      }
    },
    "nixpkgs": {
      "locked": {
        "lastModified": 1623515171,
        "narHash": "sha256-kDwXHikopkWgSd+W1DX+MCdmkMA2chs3/Zjqvi5G3Uw=",
        "owner": "NixOS",
        "repo": "nixpkgs",
        "rev": "81b3481d79a599d90138768a964b7d70d8996f97",
        "type": "github"
      },
      "original": {
        "id": "nixpkgs",
        "ref": "nixos-21.05",
        "type": "indirect"
      }
    },
    "nixpkgs-unstable": {
      "locked": {
        "lastModified": 1623324058,
        "narHash": "sha256-Jm9GUTXdjXz56gWDKy++EpFfjrBaxqXlLvTLfgEi8lo=",
        "owner": "NixOS",
        "repo": "nixpkgs",
        "rev": "432fc2d9a67f92e05438dff5fdc2b39d33f77997",
        "type": "github"
      },
      "original": {
        "id": "nixpkgs",
        "ref": "nixos-unstable",
        "type": "indirect"
      }
    },
    "root": {
      "inputs": {
        "home-manager": "home-manager",
        "nixpkgs": "nixpkgs",
        "nixpkgs-unstable": "nixpkgs-unstable"
      }
    }
  },
  "root": "root",
  "version": 7
}
